
Microsoft Visual Studio Solution File, Format Version 12.00
# Visual Studio Version 16
VisualStudioVersion = 16.0.29709.97
MinimumVisualStudioVersion = 10.0.40219.1
Project("{FAE04EC0-301F-11D3-BF4B-00C04F79EFBC}") = "EKZ", "EKZ\EKZ.csproj", "{120E7BA5-4A13-4CB3-B03A-10B03E7E21CE}"
EndProject
Global
	GlobalSection(SolutionConfigurationPlatforms) = preSolution
		Debug|Any CPU = Debug|Any CPU
		Release|Any CPU = Release|Any CPU
	EndGlobalSection
	GlobalSection(ProjectConfigurationPlatforms) = postSolution
		{120E7BA5-4A13-4CB3-B03A-10B03E7E21CE}.Debug|Any CPU.ActiveCfg = Debug|Any CPU
		{120E7BA5-4A13-4CB3-B03A-10B03E7E21CE}.Debug|Any CPU.Build.0 = Debug|Any CPU
		{120E7BA5-4A13-4CB3-B03A-10B03E7E21CE}.Release|Any CPU.ActiveCfg = Release|Any CPU
		{120E7BA5-4A13-4CB3-B03A-10B03E7E21CE}.Release|Any CPU.Build.0 = Release|Any CPU
	EndGlobalSection
	GlobalSection(SolutionProperties) = preSolution
		HideSolutionNode = FALSE
	EndGlobalSection
	GlobalSection(ExtensibilityGlobals) = postSolution
		SolutionGuid = {8E38EA87-8338-44E5-909A-3387DC14DD59}
	EndGlobalSection
EndGlobal
